
Microsoft Visual Studio Solution File, Format Version 12.00
# Visual Studio 15
Project("{FAE04EC0-301F-11D3-BF4B-00C04F79EFBC}") = "UniRx", "UniRx.csproj", "{CDB8F9D0-94E9-16DC-26F4-71B9A67CA1ED}"
EndProject
Project("{FAE04EC0-301F-11D3-BF4B-00C04F79EFBC}") = "UniRx.Examples", "UniRx.Examples.csproj", "{B1DAED4B-39AB-338C-A026-AB4173BC2CC8}"
EndProject
Project("{FAE04EC0-301F-11D3-BF4B-00C04F79EFBC}") = "Assembly-CSharp", "Assembly-CSharp.csproj", "{6794C165-66AE-6F5D-CB64-6997F621AC93}"
EndProject
Global
	GlobalSection(SolutionConfigurationPlatforms) = preSolution
		Debug|Any CPU = Debug|Any CPU
		Release|Any CPU = Release|Any CPU
	EndGlobalSection
	GlobalSection(ProjectConfigurationPlatforms) = postSolution
		{CDB8F9D0-94E9-16DC-26F4-71B9A67CA1ED}.Debug|Any CPU.ActiveCfg = Debug|Any CPU
		{CDB8F9D0-94E9-16DC-26F4-71B9A67CA1ED}.Debug|Any CPU.Build.0 = Debug|Any CPU
		{CDB8F9D0-94E9-16DC-26F4-71B9A67CA1ED}.Release|Any CPU.ActiveCfg = Release|Any CPU
		{CDB8F9D0-94E9-16DC-26F4-71B9A67CA1ED}.Release|Any CPU.Build.0 = Release|Any CPU
		{B1DAED4B-39AB-338C-A026-AB4173BC2CC8}.Debug|Any CPU.ActiveCfg = Debug|Any CPU
		{B1DAED4B-39AB-338C-A026-AB4173BC2CC8}.Debug|Any CPU.Build.0 = Debug|Any CPU
		{B1DAED4B-39AB-338C-A026-AB4173BC2CC8}.Release|Any CPU.ActiveCfg = Release|Any CPU
		{B1DAED4B-39AB-338C-A026-AB4173BC2CC8}.Release|Any CPU.Build.0 = Release|Any CPU
		{6794C165-66AE-6F5D-CB64-6997F621AC93}.Debug|Any CPU.ActiveCfg = Debug|Any CPU
		{6794C165-66AE-6F5D-CB64-6997F621AC93}.Debug|Any CPU.Build.0 = Debug|Any CPU
		{6794C165-66AE-6F5D-CB64-6997F621AC93}.Release|Any CPU.ActiveCfg = Release|Any CPU
		{6794C165-66AE-6F5D-CB64-6997F621AC93}.Release|Any CPU.Build.0 = Release|Any CPU
	EndGlobalSection
	GlobalSection(SolutionProperties) = preSolution
		HideSolutionNode = FALSE
	EndGlobalSection
EndGlobal
